
Microsoft Visual Studio Solution File, Format Version 12.00
# Visual Studio Version 16
VisualStudioVersion = 16.0.30001.183
MinimumVisualStudioVersion = 10.0.40219.1
Project("{FAE04EC0-301F-11D3-BF4B-00C04F79EFBC}") = "InsideAirbnbApp", "InsideAirbnbApp\InsideAirbnbApp.csproj", "{2B04231D-EA2D-49C3-B876-67B95244CD8E}"
EndProject
Global
	GlobalSection(SolutionConfigurationPlatforms) = preSolution
		Debug|Any CPU = Debug|Any CPU
		Release|Any CPU = Release|Any CPU
	EndGlobalSection
	GlobalSection(ProjectConfigurationPlatforms) = postSolution
		{2B04231D-EA2D-49C3-B876-67B95244CD8E}.Debug|Any CPU.ActiveCfg = Debug|Any CPU
		{2B04231D-EA2D-49C3-B876-67B95244CD8E}.Debug|Any CPU.Build.0 = Debug|Any CPU
		{2B04231D-EA2D-49C3-B876-67B95244CD8E}.Release|Any CPU.ActiveCfg = Release|Any CPU
		{2B04231D-EA2D-49C3-B876-67B95244CD8E}.Release|Any CPU.Build.0 = Release|Any CPU
	EndGlobalSection
	GlobalSection(SolutionProperties) = preSolution
		HideSolutionNode = FALSE
	EndGlobalSection
	GlobalSection(ExtensibilityGlobals) = postSolution
		SolutionGuid = {ACDE68A3-BF9D-41AC-A1B4-2B2E84E1C503}
	EndGlobalSection
EndGlobal
